// !$*UTF8*$!
{
	archiveVersion = 1;
	classes = {
	};
	objectVersion = 50;
	objects = {

/* Begin PBXBuildFile section */
		9320989025548C5600E9403D /* HabitsStore.swift in Sources */ = {isa = PBXBuildFile; fileRef = 9320988F25548C5600E9403D /* HabitsStore.swift */; };
		9320989325549D2400E9403D /* HabitsViewController.swift in Sources */ = {isa = PBXBuildFile; fileRef = 9320989225549D2400E9403D /* HabitsViewController.swift */; };
		9320989625549D3500E9403D /* InfoViewController.swift in Sources */ = {isa = PBXBuildFile; fileRef = 9320989525549D3500E9403D /* InfoViewController.swift */; };
		9335A78125548358003F489A /* AppDelegate.swift in Sources */ = {isa = PBXBuildFile; fileRef = 9335A78025548358003F489A /* AppDelegate.swift */; };
		9335A78A25548358003F489A /* Assets.xcassets in Resources */ = {isa = PBXBuildFile; fileRef = 9335A78925548358003F489A /* Assets.xcassets */; };
		9335A78D25548358003F489A /* LaunchScreen.storyboard in Resources */ = {isa = PBXBuildFile; fileRef = 9335A78B25548358003F489A /* LaunchScreen.storyboard */; };
		93CA810E2556AEA60022602D /* info-text.txt in Resources */ = {isa = PBXBuildFile; fileRef = 93CA810D2556AEA60022602D /* info-text.txt */; };
		93CA81122556B67C0022602D /* LoadTextFromFile.swift in Sources */ = {isa = PBXBuildFile; fileRef = 93CA81112556B67C0022602D /* LoadTextFromFile.swift */; };
		93CA81182556BCBF0022602D /* AutoLayout.swift in Sources */ = {isa = PBXBuildFile; fileRef = 93CA81172556BCBF0022602D /* AutoLayout.swift */; };
		93F9E59825580AF100DEF14A /* NavBarSize.swift in Sources */ = {isa = PBXBuildFile; fileRef = 93F9E59725580AF100DEF14A /* NavBarSize.swift */; };
		93F9E59C255892DA00DEF14A /* ColorPalette.swift in Sources */ = {isa = PBXBuildFile; fileRef = 93F9E59B255892DA00DEF14A /* ColorPalette.swift */; };
		93FBDCB32556DA3800C8FD7F /* HabitViewController.swift in Sources */ = {isa = PBXBuildFile; fileRef = 93FBDCB22556DA3800C8FD7F /* HabitViewController.swift */; };
/* End PBXBuildFile section */

/* Begin PBXFileReference section */
		9320988F25548C5600E9403D /* HabitsStore.swift */ = {isa = PBXFileReference; lastKnownFileType = sourcecode.swift; path = HabitsStore.swift; sourceTree = "<group>"; };
		9320989225549D2400E9403D /* HabitsViewController.swift */ = {isa = PBXFileReference; lastKnownFileType = sourcecode.swift; path = HabitsViewController.swift; sourceTree = "<group>"; };
		9320989525549D3500E9403D /* InfoViewController.swift */ = {isa = PBXFileReference; lastKnownFileType = sourcecode.swift; path = InfoViewController.swift; sourceTree = "<group>"; };
		9335A77D25548358003F489A /* MyHabits.app */ = {isa = PBXFileReference; explicitFileType = wrapper.application; includeInIndex = 0; path = MyHabits.app; sourceTree = BUILT_PRODUCTS_DIR; };
		9335A78025548358003F489A /* AppDelegate.swift */ = {isa = PBXFileReference; lastKnownFileType = sourcecode.swift; path = AppDelegate.swift; sourceTree = "<group>"; };
		9335A78925548358003F489A /* Assets.xcassets */ = {isa = PBXFileReference; lastKnownFileType = folder.assetcatalog; path = Assets.xcassets; sourceTree = "<group>"; };
		9335A78C25548358003F489A /* Base */ = {isa = PBXFileReference; lastKnownFileType = file.storyboard; name = Base; path = Base.lproj/LaunchScreen.storyboard; sourceTree = "<group>"; };
		9335A78E25548358003F489A /* Info.plist */ = {isa = PBXFileReference; lastKnownFileType = text.plist.xml; name = Info.plist; path = MyHabits/Info.plist; sourceTree = SOURCE_ROOT; };
		93CA810D2556AEA60022602D /* info-text.txt */ = {isa = PBXFileReference; fileEncoding = 4; lastKnownFileType = text; path = "info-text.txt"; sourceTree = "<group>"; };
		93CA81112556B67C0022602D /* LoadTextFromFile.swift */ = {isa = PBXFileReference; lastKnownFileType = sourcecode.swift; path = LoadTextFromFile.swift; sourceTree = "<group>"; };
		93CA81172556BCBF0022602D /* AutoLayout.swift */ = {isa = PBXFileReference; lastKnownFileType = sourcecode.swift; path = AutoLayout.swift; sourceTree = "<group>"; };
		93F9E59725580AF100DEF14A /* NavBarSize.swift */ = {isa = PBXFileReference; lastKnownFileType = sourcecode.swift; path = NavBarSize.swift; sourceTree = "<group>"; };
		93F9E59B255892DA00DEF14A /* ColorPalette.swift */ = {isa = PBXFileReference; lastKnownFileType = sourcecode.swift; path = ColorPalette.swift; sourceTree = "<group>"; };
		93FBDCB22556DA3800C8FD7F /* HabitViewController.swift */ = {isa = PBXFileReference; lastKnownFileType = sourcecode.swift; path = HabitViewController.swift; sourceTree = "<group>"; };
/* End PBXFileReference section */

/* Begin PBXFrameworksBuildPhase section */
		9335A77A25548358003F489A /* Frameworks */ = {
			isa = PBXFrameworksBuildPhase;
			buildActionMask = 2147483647;
			files = (
			);
			runOnlyForDeploymentPostprocessing = 0;
		};
/* End PBXFrameworksBuildPhase section */

/* Begin PBXGroup section */
		9335A77425548358003F489A = {
			isa = PBXGroup;
			children = (
				9335A77F25548358003F489A /* MyHabits */,
				9335A78E25548358003F489A /* Info.plist */,
				9335A77E25548358003F489A /* Products */,
			);
			sourceTree = "<group>";
		};
		9335A77E25548358003F489A /* Products */ = {
			isa = PBXGroup;
			children = (
				9335A77D25548358003F489A /* MyHabits.app */,
			);
			name = Products;
			sourceTree = "<group>";
		};
		9335A77F25548358003F489A /* MyHabits */ = {
			isa = PBXGroup;
			children = (
				9335A78025548358003F489A /* AppDelegate.swift */,
				9320989225549D2400E9403D /* HabitsViewController.swift */,
				93FBDCB22556DA3800C8FD7F /* HabitViewController.swift */,
				9320989525549D3500E9403D /* InfoViewController.swift */,
				9335A78925548358003F489A /* Assets.xcassets */,
				9335A78B25548358003F489A /* LaunchScreen.storyboard */,
				93CA81152556B6F80022602D /* Storage */,
				93CA81102556B6570022602D /* Helpers */,
			);
			path = MyHabits;
			sourceTree = "<group>";
		};
		93CA81102556B6570022602D /* Helpers */ = {
			isa = PBXGroup;
			children = (
				93CA81112556B67C0022602D /* LoadTextFromFile.swift */,
				93F9E59B255892DA00DEF14A /* ColorPalette.swift */,
				93F9E59725580AF100DEF14A /* NavBarSize.swift */,
				93CA81172556BCBF0022602D /* AutoLayout.swift */,
			);
			path = Helpers;
			sourceTree = "<group>";
		};
		93CA81152556B6F80022602D /* Storage */ = {
			isa = PBXGroup;
			children = (
				9320988F25548C5600E9403D /* HabitsStore.swift */,
				93CA810D2556AEA60022602D /* info-text.txt */,
			);
			path = Storage;
			sourceTree = "<group>";
		};
/* End PBXGroup section */

/* Begin PBXNativeTarget section */
		9335A77C25548358003F489A /* MyHabits */ = {
			isa = PBXNativeTarget;
			buildConfigurationList = 9335A79125548358003F489A /* Build configuration list for PBXNativeTarget "MyHabits" */;
			buildPhases = (
				9335A77925548358003F489A /* Sources */,
				9335A77A25548358003F489A /* Frameworks */,
				9335A77B25548358003F489A /* Resources */,
			);
			buildRules = (
			);
			dependencies = (
			);
			name = MyHabits;
			productName = MyHabits;
			productReference = 9335A77D25548358003F489A /* MyHabits.app */;
			productType = "com.apple.product-type.application";
		};
/* End PBXNativeTarget section */

/* Begin PBXProject section */
		9335A77525548358003F489A /* Project object */ = {
			isa = PBXProject;
			attributes = {
				LastSwiftUpdateCheck = 1210;
				LastUpgradeCheck = 1210;
				TargetAttributes = {
					9335A77C25548358003F489A = {
						CreatedOnToolsVersion = 12.1;
					};
				};
			};
			buildConfigurationList = 9335A77825548358003F489A /* Build configuration list for PBXProject "MyHabits" */;
			compatibilityVersion = "Xcode 9.3";
			developmentRegion = en;
			hasScannedForEncodings = 0;
			knownRegions = (
				en,
				Base,
			);
			mainGroup = 9335A77425548358003F489A;
			productRefGroup = 9335A77E25548358003F489A /* Products */;
			projectDirPath = "";
			projectRoot = "";
			targets = (
				9335A77C25548358003F489A /* MyHabits */,
			);
		};
/* End PBXProject section */

/* Begin PBXResourcesBuildPhase section */
		9335A77B25548358003F489A /* Resources */ = {
			isa = PBXResourcesBuildPhase;
			buildActionMask = 2147483647;
			files = (
				9335A78D25548358003F489A /* LaunchScreen.storyboard in Resources */,
				93CA810E2556AEA60022602D /* info-text.txt in Resources */,
				9335A78A25548358003F489A /* Assets.xcassets in Resources */,
			);
			runOnlyForDeploymentPostprocessing = 0;
		};
/* End PBXResourcesBuildPhase section */

/* Begin PBXSourcesBuildPhase section */
		9335A77925548358003F489A /* Sources */ = {
			isa = PBXSourcesBuildPhase;
			buildActionMask = 2147483647;
			files = (
				93CA81122556B67C0022602D /* LoadTextFromFile.swift in Sources */,
				93CA81182556BCBF0022602D /* AutoLayout.swift in Sources */,
				9320989025548C5600E9403D /* HabitsStore.swift in Sources */,
				93FBDCB32556DA3800C8FD7F /* HabitViewController.swift in Sources */,
				93F9E59C255892DA00DEF14A /* ColorPalette.swift in Sources */,
				9335A78125548358003F489A /* AppDelegate.swift in Sources */,
				9320989325549D2400E9403D /* HabitsViewController.swift in Sources */,
				93F9E59825580AF100DEF14A /* NavBarSize.swift in Sources */,
				9320989625549D3500E9403D /* InfoViewController.swift in Sources */,
			);
			runOnlyForDeploymentPostprocessing = 0;
		};
/* End PBXSourcesBuildPhase section */

/* Begin PBXVariantGroup section */
		9335A78B25548358003F489A /* LaunchScreen.storyboard */ = {
			isa = PBXVariantGroup;
			children = (
				9335A78C25548358003F489A /* Base */,
			);
			name = LaunchScreen.storyboard;
			sourceTree = "<group>";
		};
/* End PBXVariantGroup section */

/* Begin XCBuildConfiguration section */
		9335A78F25548358003F489A /* Debug */ = {
			isa = XCBuildConfiguration;
			buildSettings = {
				ALWAYS_SEARCH_USER_PATHS = NO;
				CLANG_ANALYZER_NONNULL = YES;
				CLANG_ANALYZER_NUMBER_OBJECT_CONVERSION = YES_AGGRESSIVE;
				CLANG_CXX_LANGUAGE_STANDARD = "gnu++14";
				CLANG_CXX_LIBRARY = "libc++";
				CLANG_ENABLE_MODULES = YES;
				CLANG_ENABLE_OBJC_ARC = YES;
				CLANG_ENABLE_OBJC_WEAK = YES;
				CLANG_WARN_BLOCK_CAPTURE_AUTORELEASING = YES;
				CLANG_WARN_BOOL_CONVERSION = YES;
				CLANG_WARN_COMMA = YES;
				CLANG_WARN_CONSTANT_CONVERSION = YES;
				CLANG_WARN_DEPRECATED_OBJC_IMPLEMENTATIONS = YES;
				CLANG_WARN_DIRECT_OBJC_ISA_USAGE = YES_ERROR;
				CLANG_WARN_DOCUMENTATION_COMMENTS = YES;
				CLANG_WARN_EMPTY_BODY = YES;
				CLANG_WARN_ENUM_CONVERSION = YES;
				CLANG_WARN_INFINITE_RECURSION = YES;
				CLANG_WARN_INT_CONVERSION = YES;
				CLANG_WARN_NON_LITERAL_NULL_CONVERSION = YES;
				CLANG_WARN_OBJC_IMPLICIT_RETAIN_SELF = YES;
				CLANG_WARN_OBJC_LITERAL_CONVERSION = YES;
				CLANG_WARN_OBJC_ROOT_CLASS = YES_ERROR;
				CLANG_WARN_QUOTED_INCLUDE_IN_FRAMEWORK_HEADER = YES;
				CLANG_WARN_RANGE_LOOP_ANALYSIS = YES;
				CLANG_WARN_STRICT_PROTOTYPES = YES;
				CLANG_WARN_SUSPICIOUS_MOVE = YES;
				CLANG_WARN_UNGUARDED_AVAILABILITY = YES_AGGRESSIVE;
				CLANG_WARN_UNREACHABLE_CODE = YES;
				CLANG_WARN__DUPLICATE_METHOD_MATCH = YES;
				COPY_PHASE_STRIP = NO;
				DEBUG_INFORMATION_FORMAT = dwarf;
				ENABLE_STRICT_OBJC_MSGSEND = YES;
				ENABLE_TESTABILITY = YES;
				GCC_C_LANGUAGE_STANDARD = gnu11;
				GCC_DYNAMIC_NO_PIC = NO;
				GCC_NO_COMMON_BLOCKS = YES;
				GCC_OPTIMIZATION_LEVEL = 0;
				GCC_PREPROCESSOR_DEFINITIONS = (
					"DEBUG=1",
					"$(inherited)",
				);
				GCC_WARN_64_TO_32_BIT_CONVERSION = YES;
				GCC_WARN_ABOUT_RETURN_TYPE = YES_ERROR;
				GCC_WARN_UNDECLARED_SELECTOR = YES;
				GCC_WARN_UNINITIALIZED_AUTOS = YES_AGGRESSIVE;
				GCC_WARN_UNUSED_FUNCTION = YES;
				GCC_WARN_UNUSED_VARIABLE = YES;
				IPHONEOS_DEPLOYMENT_TARGET = 14.1;
				MTL_ENABLE_DEBUG_INFO = INCLUDE_SOURCE;
				MTL_FAST_MATH = YES;
				ONLY_ACTIVE_ARCH = YES;
				SDKROOT = iphoneos;
				SWIFT_ACTIVE_COMPILATION_CONDITIONS = DEBUG;
				SWIFT_OPTIMIZATION_LEVEL = "-Onone";
			};
			name = Debug;
		};
		9335A79025548358003F489A /* Release */ = {
			isa = XCBuildConfiguration;
			buildSettings = {
				ALWAYS_SEARCH_USER_PATHS = NO;
				CLANG_ANALYZER_NONNULL = YES;
				CLANG_ANALYZER_NUMBER_OBJECT_CONVERSION = YES_AGGRESSIVE;
				CLANG_CXX_LANGUAGE_STANDARD = "gnu++14";
				CLANG_CXX_LIBRARY = "libc++";
				CLANG_ENABLE_MODULES = YES;
				CLANG_ENABLE_OBJC_ARC = YES;
				CLANG_ENABLE_OBJC_WEAK = YES;
				CLANG_WARN_BLOCK_CAPTURE_AUTORELEASING = YES;
				CLANG_WARN_BOOL_CONVERSION = YES;
				CLANG_WARN_COMMA = YES;
				CLANG_WARN_CONSTANT_CONVERSION = YES;
				CLANG_WARN_DEPRECATED_OBJC_IMPLEMENTATIONS = YES;
				CLANG_WARN_DIRECT_OBJC_ISA_USAGE = YES_ERROR;
				CLANG_WARN_DOCUMENTATION_COMMENTS = YES;
				CLANG_WARN_EMPTY_BODY = YES;
				CLANG_WARN_ENUM_CONVERSION = YES;
				CLANG_WARN_INFINITE_RECURSION = YES;
				CLANG_WARN_INT_CONVERSION = YES;
				CLANG_WARN_NON_LITERAL_NULL_CONVERSION = YES;
				CLANG_WARN_OBJC_IMPLICIT_RETAIN_SELF = YES;
				CLANG_WARN_OBJC_LITERAL_CONVERSION = YES;
				CLANG_WARN_OBJC_ROOT_CLASS = YES_ERROR;
				CLANG_WARN_QUOTED_INCLUDE_IN_FRAMEWORK_HEADER = YES;
				CLANG_WARN_RANGE_LOOP_ANALYSIS = YES;
				CLANG_WARN_STRICT_PROTOTYPES = YES;
				CLANG_WARN_SUSPICIOUS_MOVE = YES;
				CLANG_WARN_UNGUARDED_AVAILABILITY = YES_AGGRESSIVE;
				CLANG_WARN_UNREACHABLE_CODE = YES;
				CLANG_WARN__DUPLICATE_METHOD_MATCH = YES;
				COPY_PHASE_STRIP = NO;
				DEBUG_INFORMATION_FORMAT = "dwarf-with-dsym";
				ENABLE_NS_ASSERTIONS = NO;
				ENABLE_STRICT_OBJC_MSGSEND = YES;
				GCC_C_LANGUAGE_STANDARD = gnu11;
				GCC_NO_COMMON_BLOCKS = YES;
				GCC_WARN_64_TO_32_BIT_CONVERSION = YES;
				GCC_WARN_ABOUT_RETURN_TYPE = YES_ERROR;
				GCC_WARN_UNDECLARED_SELECTOR = YES;
				GCC_WARN_UNINITIALIZED_AUTOS = YES_AGGRESSIVE;
				GCC_WARN_UNUSED_FUNCTION = YES;
				GCC_WARN_UNUSED_VARIABLE = YES;
				IPHONEOS_DEPLOYMENT_TARGET = 14.1;
				MTL_ENABLE_DEBUG_INFO = NO;
				MTL_FAST_MATH = YES;
				SDKROOT = iphoneos;
				SWIFT_COMPILATION_MODE = wholemodule;
				SWIFT_OPTIMIZATION_LEVEL = "-O";
				VALIDATE_PRODUCT = YES;
			};
			name = Release;
		};
		9335A79225548358003F489A /* Debug */ = {
			isa = XCBuildConfiguration;
			buildSettings = {
				ASSETCATALOG_COMPILER_APPICON_NAME = AppIcon;
				ASSETCATALOG_COMPILER_GLOBAL_ACCENT_COLOR_NAME = AccentColor;
				CODE_SIGN_STYLE = Automatic;
				DEVELOPMENT_TEAM = WY4KC73HRC;
				INFOPLIST_FILE = MyHabits/Info.plist;
				LD_RUNPATH_SEARCH_PATHS = (
					"$(inherited)",
					"@executable_path/Frameworks",
				);
				PRODUCT_BUNDLE_IDENTIFIER = com.YPS.MyHabits;
				PRODUCT_NAME = "$(TARGET_NAME)";
				SWIFT_VERSION = 5.0;
				TARGETED_DEVICE_FAMILY = "1,2";
			};
			name = Debug;
		};
		9335A79325548358003F489A /* Release */ = {
			isa = XCBuildConfiguration;
			buildSettings = {
				ASSETCATALOG_COMPILER_APPICON_NAME = AppIcon;
				ASSETCATALOG_COMPILER_GLOBAL_ACCENT_COLOR_NAME = AccentColor;
				CODE_SIGN_STYLE = Automatic;
				DEVELOPMENT_TEAM = WY4KC73HRC;
				INFOPLIST_FILE = MyHabits/Info.plist;
				LD_RUNPATH_SEARCH_PATHS = (
					"$(inherited)",
					"@executable_path/Frameworks",
				);
				PRODUCT_BUNDLE_IDENTIFIER = com.YPS.MyHabits;
				PRODUCT_NAME = "$(TARGET_NAME)";
				SWIFT_VERSION = 5.0;
				TARGETED_DEVICE_FAMILY = "1,2";
			};
			name = Release;
		};
/* End XCBuildConfiguration section */

/* Begin XCConfigurationList section */
		9335A77825548358003F489A /* Build configuration list for PBXProject "MyHabits" */ = {
			isa = XCConfigurationList;
			buildConfigurations = (
				9335A78F25548358003F489A /* Debug */,
				9335A79025548358003F489A /* Release */,
			);
			defaultConfigurationIsVisible = 0;
			defaultConfigurationName = Release;
		};
		9335A79125548358003F489A /* Build configuration list for PBXNativeTarget "MyHabits" */ = {
			isa = XCConfigurationList;
			buildConfigurations = (
				9335A79225548358003F489A /* Debug */,
				9335A79325548358003F489A /* Release */,
			);
			defaultConfigurationIsVisible = 0;
			defaultConfigurationName = Release;
		};
/* End XCConfigurationList section */
	};
	rootObject = 9335A77525548358003F489A /* Project object */;
}
